// !$*UTF8*$!
{
	archiveVersion = 1;
	classes = {
	};
	objectVersion = 50;
	objects = {

/* Begin PBXBuildFile section */
		E5FFA7CD21B618AF00C8E728 /* ViewController.swift in Sources */ = {isa = PBXBuildFile; fileRef = E5FFA7CC21B618A400C8E728 /* ViewController.swift */; };
		E5FFA7CF21B61AD900C8E728 /* imessage header.png in Resources */ = {isa = PBXBuildFile; fileRef = E5FFA7CE21B61AD900C8E728 /* imessage header.png */; };
		FA030B0221B0C250007B02D0 /* SettingsViewControler.swift in Sources */ = {isa = PBXBuildFile; fileRef = FA030B0121B0C250007B02D0 /* SettingsViewControler.swift */; };
		FA030B0421B0C25E007B02D0 /* GameViewControler.swift in Sources */ = {isa = PBXBuildFile; fileRef = FA030B0321B0C25E007B02D0 /* GameViewControler.swift */; };
		FA3DC13321ADF5E5002534F6 /* AppDelegate.swift in Sources */ = {isa = PBXBuildFile; fileRef = FA3DC13221ADF5E5002534F6 /* AppDelegate.swift */; };
		FA3DC13521ADF5E5002534F6 /* HomeViewController.swift in Sources */ = {isa = PBXBuildFile; fileRef = FA3DC13421ADF5E5002534F6 /* HomeViewController.swift */; };
		FA3DC13821ADF5E5002534F6 /* Main.storyboard in Resources */ = {isa = PBXBuildFile; fileRef = FA3DC13621ADF5E5002534F6 /* Main.storyboard */; };
		FA3DC13A21ADF5E8002534F6 /* Assets.xcassets in Resources */ = {isa = PBXBuildFile; fileRef = FA3DC13921ADF5E8002534F6 /* Assets.xcassets */; };
		FA3DC13D21ADF5E8002534F6 /* LaunchScreen.storyboard in Resources */ = {isa = PBXBuildFile; fileRef = FA3DC13B21ADF5E8002534F6 /* LaunchScreen.storyboard */; };
		FADD063321B140590040C385 /* SingleImageViewController.swift in Sources */ = {isa = PBXBuildFile; fileRef = FADD063221B140590040C385 /* SingleImageViewController.swift */; };
		FADD063921B1D43A0040C385 /* SelectImageViewController.swift in Sources */ = {isa = PBXBuildFile; fileRef = FADD063821B1D43A0040C385 /* SelectImageViewController.swift */; };
		FEA1E9B521B0E48C0079EFB8 /* DotGameViewController.swift in Sources */ = {isa = PBXBuildFile; fileRef = FEA1E9B421B0E48C0079EFB8 /* DotGameViewController.swift */; };
		FEE1625B21B59F2B00C08A57 /* WordListViewController.swift in Sources */ = {isa = PBXBuildFile; fileRef = FEE1625A21B59F2B00C08A57 /* WordListViewController.swift */; };
		FEE1625D21B77CBB00C08A57 /* HistoryViewController.swift in Sources */ = {isa = PBXBuildFile; fileRef = FEE1625C21B77CBB00C08A57 /* HistoryViewController.swift */; };
		FEE1625F21B77F7B00C08A57 /* FinalViewController.swift in Sources */ = {isa = PBXBuildFile; fileRef = FEE1625E21B77F7B00C08A57 /* FinalViewController.swift */; };
/* End PBXBuildFile section */

/* Begin PBXFileReference section */
		E5FFA7CC21B618A400C8E728 /* ViewController.swift */ = {isa = PBXFileReference; fileEncoding = 4; lastKnownFileType = sourcecode.swift; path = ViewController.swift; sourceTree = "<group>"; };
		E5FFA7CE21B61AD900C8E728 /* imessage header.png */ = {isa = PBXFileReference; lastKnownFileType = image.png; path = "imessage header.png"; sourceTree = "<group>"; };
		FA030B0121B0C250007B02D0 /* SettingsViewControler.swift */ = {isa = PBXFileReference; lastKnownFileType = sourcecode.swift; path = SettingsViewControler.swift; sourceTree = "<group>"; };
		FA030B0321B0C25E007B02D0 /* GameViewControler.swift */ = {isa = PBXFileReference; lastKnownFileType = sourcecode.swift; path = GameViewControler.swift; sourceTree = "<group>"; };
		FA3DC12F21ADF5E5002534F6 /* Sober Score 1002.app */ = {isa = PBXFileReference; explicitFileType = wrapper.application; includeInIndex = 0; path = "Sober Score 1002.app"; sourceTree = BUILT_PRODUCTS_DIR; };
		FA3DC13221ADF5E5002534F6 /* AppDelegate.swift */ = {isa = PBXFileReference; lastKnownFileType = sourcecode.swift; path = AppDelegate.swift; sourceTree = "<group>"; };
		FA3DC13421ADF5E5002534F6 /* HomeViewController.swift */ = {isa = PBXFileReference; lastKnownFileType = sourcecode.swift; path = HomeViewController.swift; sourceTree = "<group>"; };
		FA3DC13721ADF5E5002534F6 /* Base */ = {isa = PBXFileReference; lastKnownFileType = file.storyboard; name = Base; path = Base.lproj/Main.storyboard; sourceTree = "<group>"; };
		FA3DC13921ADF5E8002534F6 /* Assets.xcassets */ = {isa = PBXFileReference; lastKnownFileType = folder.assetcatalog; path = Assets.xcassets; sourceTree = "<group>"; };
		FA3DC13C21ADF5E8002534F6 /* Base */ = {isa = PBXFileReference; lastKnownFileType = file.storyboard; name = Base; path = Base.lproj/LaunchScreen.storyboard; sourceTree = "<group>"; };
		FA3DC13E21ADF5E8002534F6 /* Info.plist */ = {isa = PBXFileReference; lastKnownFileType = text.plist.xml; path = Info.plist; sourceTree = "<group>"; };
		FADD063221B140590040C385 /* SingleImageViewController.swift */ = {isa = PBXFileReference; lastKnownFileType = sourcecode.swift; path = SingleImageViewController.swift; sourceTree = "<group>"; };
		FADD063821B1D43A0040C385 /* SelectImageViewController.swift */ = {isa = PBXFileReference; lastKnownFileType = sourcecode.swift; path = SelectImageViewController.swift; sourceTree = "<group>"; };
		FEA1E9B421B0E48C0079EFB8 /* DotGameViewController.swift */ = {isa = PBXFileReference; lastKnownFileType = sourcecode.swift; path = DotGameViewController.swift; sourceTree = "<group>"; };
		FEE1625A21B59F2B00C08A57 /* WordListViewController.swift */ = {isa = PBXFileReference; lastKnownFileType = sourcecode.swift; path = WordListViewController.swift; sourceTree = "<group>"; };
		FEE1625C21B77CBB00C08A57 /* HistoryViewController.swift */ = {isa = PBXFileReference; lastKnownFileType = sourcecode.swift; path = HistoryViewController.swift; sourceTree = "<group>"; };
		FEE1625E21B77F7B00C08A57 /* FinalViewController.swift */ = {isa = PBXFileReference; lastKnownFileType = sourcecode.swift; path = FinalViewController.swift; sourceTree = "<group>"; };
/* End PBXFileReference section */

/* Begin PBXFrameworksBuildPhase section */
		FA3DC12C21ADF5E5002534F6 /* Frameworks */ = {
			isa = PBXFrameworksBuildPhase;
			buildActionMask = 2147483647;
			files = (
			);
			runOnlyForDeploymentPostprocessing = 0;
		};
/* End PBXFrameworksBuildPhase section */

/* Begin PBXGroup section */
		FA3DC12621ADF5E5002534F6 = {
			isa = PBXGroup;
			children = (
				FA3DC13121ADF5E5002534F6 /* Sober Score 1002 */,
				FA3DC13021ADF5E5002534F6 /* Products */,
			);
			sourceTree = "<group>";
		};
		FA3DC13021ADF5E5002534F6 /* Products */ = {
			isa = PBXGroup;
			children = (
				FA3DC12F21ADF5E5002534F6 /* Sober Score 1002.app */,
			);
			name = Products;
			sourceTree = "<group>";
		};
		FA3DC13121ADF5E5002534F6 /* Sober Score 1002 */ = {
			isa = PBXGroup;
			children = (
				FA3DC13621ADF5E5002534F6 /* Main.storyboard */,
				FEE1625E21B77F7B00C08A57 /* FinalViewController.swift */,
				FEE1625C21B77CBB00C08A57 /* HistoryViewController.swift */,
				E5FFA7CE21B61AD900C8E728 /* imessage header.png */,
				FA3DC13221ADF5E5002534F6 /* AppDelegate.swift */,
				E5FFA7CC21B618A400C8E728 /* ViewController.swift */,
				FA3DC13421ADF5E5002534F6 /* HomeViewController.swift */,
				FA030B0121B0C250007B02D0 /* SettingsViewControler.swift */,
				FA030B0321B0C25E007B02D0 /* GameViewControler.swift */,
				FEA1E9B421B0E48C0079EFB8 /* DotGameViewController.swift */,
				FADD063221B140590040C385 /* SingleImageViewController.swift */,
				FADD063821B1D43A0040C385 /* SelectImageViewController.swift */,
				FEE1625A21B59F2B00C08A57 /* WordListViewController.swift */,
				FA3DC13921ADF5E8002534F6 /* Assets.xcassets */,
				FA3DC13B21ADF5E8002534F6 /* LaunchScreen.storyboard */,
				FA3DC13E21ADF5E8002534F6 /* Info.plist */,
			);
			path = "Sober Score 1002";
			sourceTree = "<group>";
		};
/* End PBXGroup section */

/* Begin PBXNativeTarget section */
		FA3DC12E21ADF5E5002534F6 /* Sober Score 1002 */ = {
			isa = PBXNativeTarget;
			buildConfigurationList = FA3DC14121ADF5E9002534F6 /* Build configuration list for PBXNativeTarget "Sober Score 1002" */;
			buildPhases = (
				FA3DC12B21ADF5E5002534F6 /* Sources */,
				FA3DC12C21ADF5E5002534F6 /* Frameworks */,
				FA3DC12D21ADF5E5002534F6 /* Resources */,
			);
			buildRules = (
			);
			dependencies = (
			);
			name = "Sober Score 1002";
			productName = "Sober Score 1002";
			productReference = FA3DC12F21ADF5E5002534F6 /* Sober Score 1002.app */;
			productType = "com.apple.product-type.application";
		};
/* End PBXNativeTarget section */

/* Begin PBXProject section */
		FA3DC12721ADF5E5002534F6 /* Project object */ = {
			isa = PBXProject;
			attributes = {
				LastSwiftUpdateCheck = 1010;
				LastUpgradeCheck = 1010;
				ORGANIZATIONNAME = "Quinn Perini";
				TargetAttributes = {
					FA3DC12E21ADF5E5002534F6 = {
						CreatedOnToolsVersion = 10.1;
					};
				};
			};
			buildConfigurationList = FA3DC12A21ADF5E5002534F6 /* Build configuration list for PBXProject "Sober Score 1002" */;
			compatibilityVersion = "Xcode 9.3";
			developmentRegion = en;
			hasScannedForEncodings = 0;
			knownRegions = (
				en,
				Base,
			);
			mainGroup = FA3DC12621ADF5E5002534F6;
			productRefGroup = FA3DC13021ADF5E5002534F6 /* Products */;
			projectDirPath = "";
			projectRoot = "";
			targets = (
				FA3DC12E21ADF5E5002534F6 /* Sober Score 1002 */,
			);
		};
/* End PBXProject section */

/* Begin PBXResourcesBuildPhase section */
		FA3DC12D21ADF5E5002534F6 /* Resources */ = {
			isa = PBXResourcesBuildPhase;
			buildActionMask = 2147483647;
			files = (
				FA3DC13D21ADF5E8002534F6 /* LaunchScreen.storyboard in Resources */,
				E5FFA7CF21B61AD900C8E728 /* imessage header.png in Resources */,
				FA3DC13A21ADF5E8002534F6 /* Assets.xcassets in Resources */,
				FA3DC13821ADF5E5002534F6 /* Main.storyboard in Resources */,
			);
			runOnlyForDeploymentPostprocessing = 0;
		};
/* End PBXResourcesBuildPhase section */

/* Begin PBXSourcesBuildPhase section */
		FA3DC12B21ADF5E5002534F6 /* Sources */ = {
			isa = PBXSourcesBuildPhase;
			buildActionMask = 2147483647;
			files = (
				E5FFA7CD21B618AF00C8E728 /* ViewController.swift in Sources */,
				FA3DC13521ADF5E5002534F6 /* HomeViewController.swift in Sources */,
				FA3DC13321ADF5E5002534F6 /* AppDelegate.swift in Sources */,
				FEE1625B21B59F2B00C08A57 /* WordListViewController.swift in Sources */,
				FA030B0221B0C250007B02D0 /* SettingsViewControler.swift in Sources */,
				FEE1625D21B77CBB00C08A57 /* HistoryViewController.swift in Sources */,
				FEE1625F21B77F7B00C08A57 /* FinalViewController.swift in Sources */,
				FA030B0421B0C25E007B02D0 /* GameViewControler.swift in Sources */,
				FADD063921B1D43A0040C385 /* SelectImageViewController.swift in Sources */,
				FADD063321B140590040C385 /* SingleImageViewController.swift in Sources */,
				FEA1E9B521B0E48C0079EFB8 /* DotGameViewController.swift in Sources */,
			);
			runOnlyForDeploymentPostprocessing = 0;
		};
/* End PBXSourcesBuildPhase section */

/* Begin PBXVariantGroup section */
		FA3DC13621ADF5E5002534F6 /* Main.storyboard */ = {
			isa = PBXVariantGroup;
			children = (
				FA3DC13721ADF5E5002534F6 /* Base */,
			);
			name = Main.storyboard;
			sourceTree = "<group>";
		};
		FA3DC13B21ADF5E8002534F6 /* LaunchScreen.storyboard */ = {
			isa = PBXVariantGroup;
			children = (
				FA3DC13C21ADF5E8002534F6 /* Base */,
			);
			name = LaunchScreen.storyboard;
			sourceTree = "<group>";
		};
/* End PBXVariantGroup section */

/* Begin XCBuildConfiguration section */
		FA3DC13F21ADF5E9002534F6 /* Debug */ = {
			isa = XCBuildConfiguration;
			buildSettings = {
				ALWAYS_SEARCH_USER_PATHS = NO;
				CLANG_ANALYZER_NONNULL = YES;
				CLANG_ANALYZER_NUMBER_OBJECT_CONVERSION = YES_AGGRESSIVE;
				CLANG_CXX_LANGUAGE_STANDARD = "gnu++14";
				CLANG_CXX_LIBRARY = "libc++";
				CLANG_ENABLE_MODULES = YES;
				CLANG_ENABLE_OBJC_ARC = YES;
				CLANG_ENABLE_OBJC_WEAK = YES;
				CLANG_WARN_BLOCK_CAPTURE_AUTORELEASING = YES;
				CLANG_WARN_BOOL_CONVERSION = YES;
				CLANG_WARN_COMMA = YES;
				CLANG_WARN_CONSTANT_CONVERSION = YES;
				CLANG_WARN_DEPRECATED_OBJC_IMPLEMENTATIONS = YES;
				CLANG_WARN_DIRECT_OBJC_ISA_USAGE = YES_ERROR;
				CLANG_WARN_DOCUMENTATION_COMMENTS = YES;
				CLANG_WARN_EMPTY_BODY = YES;
				CLANG_WARN_ENUM_CONVERSION = YES;
				CLANG_WARN_INFINITE_RECURSION = YES;
				CLANG_WARN_INT_CONVERSION = YES;
				CLANG_WARN_NON_LITERAL_NULL_CONVERSION = YES;
				CLANG_WARN_OBJC_IMPLICIT_RETAIN_SELF = YES;
				CLANG_WARN_OBJC_LITERAL_CONVERSION = YES;
				CLANG_WARN_OBJC_ROOT_CLASS = YES_ERROR;
				CLANG_WARN_RANGE_LOOP_ANALYSIS = YES;
				CLANG_WARN_STRICT_PROTOTYPES = YES;
				CLANG_WARN_SUSPICIOUS_MOVE = YES;
				CLANG_WARN_UNGUARDED_AVAILABILITY = YES_AGGRESSIVE;
				CLANG_WARN_UNREACHABLE_CODE = YES;
				CLANG_WARN__DUPLICATE_METHOD_MATCH = YES;
				CODE_SIGN_IDENTITY = "iPhone Developer";
				COPY_PHASE_STRIP = NO;
				DEBUG_INFORMATION_FORMAT = dwarf;
				ENABLE_STRICT_OBJC_MSGSEND = YES;
				ENABLE_TESTABILITY = YES;
				GCC_C_LANGUAGE_STANDARD = gnu11;
				GCC_DYNAMIC_NO_PIC = NO;
				GCC_NO_COMMON_BLOCKS = YES;
				GCC_OPTIMIZATION_LEVEL = 0;
				GCC_PREPROCESSOR_DEFINITIONS = (
					"DEBUG=1",
					"$(inherited)",
				);
				GCC_WARN_64_TO_32_BIT_CONVERSION = YES;
				GCC_WARN_ABOUT_RETURN_TYPE = YES_ERROR;
				GCC_WARN_UNDECLARED_SELECTOR = YES;
				GCC_WARN_UNINITIALIZED_AUTOS = YES_AGGRESSIVE;
				GCC_WARN_UNUSED_FUNCTION = YES;
				GCC_WARN_UNUSED_VARIABLE = YES;
				IPHONEOS_DEPLOYMENT_TARGET = 12.1;
				MTL_ENABLE_DEBUG_INFO = INCLUDE_SOURCE;
				MTL_FAST_MATH = YES;
				ONLY_ACTIVE_ARCH = YES;
				SDKROOT = iphoneos;
				SWIFT_ACTIVE_COMPILATION_CONDITIONS = DEBUG;
				SWIFT_OPTIMIZATION_LEVEL = "-Onone";
			};
			name = Debug;
		};
		FA3DC14021ADF5E9002534F6 /* Release */ = {
			isa = XCBuildConfiguration;
			buildSettings = {
				ALWAYS_SEARCH_USER_PATHS = NO;
				CLANG_ANALYZER_NONNULL = YES;
				CLANG_ANALYZER_NUMBER_OBJECT_CONVERSION = YES_AGGRESSIVE;
				CLANG_CXX_LANGUAGE_STANDARD = "gnu++14";
				CLANG_CXX_LIBRARY = "libc++";
				CLANG_ENABLE_MODULES = YES;
				CLANG_ENABLE_OBJC_ARC = YES;
				CLANG_ENABLE_OBJC_WEAK = YES;
				CLANG_WARN_BLOCK_CAPTURE_AUTORELEASING = YES;
				CLANG_WARN_BOOL_CONVERSION = YES;
				CLANG_WARN_COMMA = YES;
				CLANG_WARN_CONSTANT_CONVERSION = YES;
				CLANG_WARN_DEPRECATED_OBJC_IMPLEMENTATIONS = YES;
				CLANG_WARN_DIRECT_OBJC_ISA_USAGE = YES_ERROR;
				CLANG_WARN_DOCUMENTATION_COMMENTS = YES;
				CLANG_WARN_EMPTY_BODY = YES;
				CLANG_WARN_ENUM_CONVERSION = YES;
				CLANG_WARN_INFINITE_RECURSION = YES;
				CLANG_WARN_INT_CONVERSION = YES;
				CLANG_WARN_NON_LITERAL_NULL_CONVERSION = YES;
				CLANG_WARN_OBJC_IMPLICIT_RETAIN_SELF = YES;
				CLANG_WARN_OBJC_LITERAL_CONVERSION = YES;
				CLANG_WARN_OBJC_ROOT_CLASS = YES_ERROR;
				CLANG_WARN_RANGE_LOOP_ANALYSIS = YES;
				CLANG_WARN_STRICT_PROTOTYPES = YES;
				CLANG_WARN_SUSPICIOUS_MOVE = YES;
				CLANG_WARN_UNGUARDED_AVAILABILITY = YES_AGGRESSIVE;
				CLANG_WARN_UNREACHABLE_CODE = YES;
				CLANG_WARN__DUPLICATE_METHOD_MATCH = YES;
				CODE_SIGN_IDENTITY = "iPhone Developer";
				COPY_PHASE_STRIP = NO;
				DEBUG_INFORMATION_FORMAT = "dwarf-with-dsym";
				ENABLE_NS_ASSERTIONS = NO;
				ENABLE_STRICT_OBJC_MSGSEND = YES;
				GCC_C_LANGUAGE_STANDARD = gnu11;
				GCC_NO_COMMON_BLOCKS = YES;
				GCC_WARN_64_TO_32_BIT_CONVERSION = YES;
				GCC_WARN_ABOUT_RETURN_TYPE = YES_ERROR;
				GCC_WARN_UNDECLARED_SELECTOR = YES;
				GCC_WARN_UNINITIALIZED_AUTOS = YES_AGGRESSIVE;
				GCC_WARN_UNUSED_FUNCTION = YES;
				GCC_WARN_UNUSED_VARIABLE = YES;
				IPHONEOS_DEPLOYMENT_TARGET = 12.1;
				MTL_ENABLE_DEBUG_INFO = NO;
				MTL_FAST_MATH = YES;
				SDKROOT = iphoneos;
				SWIFT_COMPILATION_MODE = wholemodule;
				SWIFT_OPTIMIZATION_LEVEL = "-O";
				VALIDATE_PRODUCT = YES;
			};
			name = Release;
		};
		FA3DC14221ADF5E9002534F6 /* Debug */ = {
			isa = XCBuildConfiguration;
			buildSettings = {
				ASSETCATALOG_COMPILER_APPICON_NAME = AppIcon;
				CODE_SIGN_STYLE = Automatic;
				DEVELOPMENT_TEAM = 3AP27N35CM;
				INFOPLIST_FILE = "Sober Score 1002/Info.plist";
				LD_RUNPATH_SEARCH_PATHS = (
					"$(inherited)",
					"@executable_path/Frameworks",
				);
				PRODUCT_BUNDLE_IDENTIFIER = "com.qperini.Sober-Score-1002";
				PRODUCT_NAME = "$(TARGET_NAME)";
				SWIFT_VERSION = 4.2;
				TARGETED_DEVICE_FAMILY = "1,2";
			};
			name = Debug;
		};
		FA3DC14321ADF5E9002534F6 /* Release */ = {
			isa = XCBuildConfiguration;
			buildSettings = {
				ASSETCATALOG_COMPILER_APPICON_NAME = AppIcon;
				CODE_SIGN_STYLE = Automatic;
				DEVELOPMENT_TEAM = 3AP27N35CM;
				INFOPLIST_FILE = "Sober Score 1002/Info.plist";
				LD_RUNPATH_SEARCH_PATHS = (
					"$(inherited)",
					"@executable_path/Frameworks",
				);
				PRODUCT_BUNDLE_IDENTIFIER = "com.qperini.Sober-Score-1002";
				PRODUCT_NAME = "$(TARGET_NAME)";
				SWIFT_VERSION = 4.2;
				TARGETED_DEVICE_FAMILY = "1,2";
			};
			name = Release;
		};
/* End XCBuildConfiguration section */

/* Begin XCConfigurationList section */
		FA3DC12A21ADF5E5002534F6 /* Build configuration list for PBXProject "Sober Score 1002" */ = {
			isa = XCConfigurationList;
			buildConfigurations = (
				FA3DC13F21ADF5E9002534F6 /* Debug */,
				FA3DC14021ADF5E9002534F6 /* Release */,
			);
			defaultConfigurationIsVisible = 0;
			defaultConfigurationName = Release;
		};
		FA3DC14121ADF5E9002534F6 /* Build configuration list for PBXNativeTarget "Sober Score 1002" */ = {
			isa = XCConfigurationList;
			buildConfigurations = (
				FA3DC14221ADF5E9002534F6 /* Debug */,
				FA3DC14321ADF5E9002534F6 /* Release */,
			);
			defaultConfigurationIsVisible = 0;
			defaultConfigurationName = Release;
		};
/* End XCConfigurationList section */
	};
	rootObject = FA3DC12721ADF5E5002534F6 /* Project object */;
}
